
Microsoft Visual Studio Solution File, Format Version 12.00
# Visual Studio Version 16
VisualStudioVersion = 16.0.29306.81
MinimumVisualStudioVersion = 10.0.40219.1
Project("{FAE04EC0-301F-11D3-BF4B-00C04F79EFBC}") = "Hangman2", "Hangman2\Hangman2.csproj", "{BC5CEC4A-EF9D-4F65-9C24-CA3023EA6B0E}"
EndProject
Global
	GlobalSection(SolutionConfigurationPlatforms) = preSolution
		Debug|Any CPU = Debug|Any CPU
		Release|Any CPU = Release|Any CPU
	EndGlobalSection
	GlobalSection(ProjectConfigurationPlatforms) = postSolution
		{BC5CEC4A-EF9D-4F65-9C24-CA3023EA6B0E}.Debug|Any CPU.ActiveCfg = Debug|Any CPU
		{BC5CEC4A-EF9D-4F65-9C24-CA3023EA6B0E}.Debug|Any CPU.Build.0 = Debug|Any CPU
		{BC5CEC4A-EF9D-4F65-9C24-CA3023EA6B0E}.Release|Any CPU.ActiveCfg = Release|Any CPU
		{BC5CEC4A-EF9D-4F65-9C24-CA3023EA6B0E}.Release|Any CPU.Build.0 = Release|Any CPU
	EndGlobalSection
	GlobalSection(SolutionProperties) = preSolution
		HideSolutionNode = FALSE
	EndGlobalSection
	GlobalSection(ExtensibilityGlobals) = postSolution
		SolutionGuid = {B0D131B1-3442-4916-8C62-4DFEF6D1D3A1}
	EndGlobalSection
EndGlobal
